
Microsoft Visual Studio Solution File, Format Version 12.00
Project("{FAE04EC0-301F-11D3-BF4B-00C04F79EFBC}") = "MeadowMgTestEnvironment", "MeadowMgTestEnvironment\MeadowMgTestEnvironment.csproj", "{95486CC3-A152-4F4B-BEC6-05A8E4871756}"
EndProject
Project("{FAE04EC0-301F-11D3-BF4B-00C04F79EFBC}") = "MeadowMgTestEnvironment.TestApp", "MeadowMgTestEnvironment.TestApp\MeadowMgTestEnvironment.TestApp.csproj", "{806D84B9-C255-42B2-8C77-3D460E89EFD5}"
EndProject
Global
	GlobalSection(SolutionConfigurationPlatforms) = preSolution
		Debug|Any CPU = Debug|Any CPU
		Release|Any CPU = Release|Any CPU
	EndGlobalSection
	GlobalSection(ProjectConfigurationPlatforms) = postSolution
		{95486CC3-A152-4F4B-BEC6-05A8E4871756}.Debug|Any CPU.ActiveCfg = Debug|Any CPU
		{95486CC3-A152-4F4B-BEC6-05A8E4871756}.Debug|Any CPU.Build.0 = Debug|Any CPU
		{95486CC3-A152-4F4B-BEC6-05A8E4871756}.Release|Any CPU.ActiveCfg = Release|Any CPU
		{95486CC3-A152-4F4B-BEC6-05A8E4871756}.Release|Any CPU.Build.0 = Release|Any CPU
		{806D84B9-C255-42B2-8C77-3D460E89EFD5}.Debug|Any CPU.ActiveCfg = Debug|Any CPU
		{806D84B9-C255-42B2-8C77-3D460E89EFD5}.Debug|Any CPU.Build.0 = Debug|Any CPU
		{806D84B9-C255-42B2-8C77-3D460E89EFD5}.Release|Any CPU.ActiveCfg = Release|Any CPU
		{806D84B9-C255-42B2-8C77-3D460E89EFD5}.Release|Any CPU.Build.0 = Release|Any CPU
	EndGlobalSection
EndGlobal
